
Microsoft Visual Studio Solution File, Format Version 12.00
# Visual Studio 2013
VisualStudioVersion = 12.0.31101.0
MinimumVisualStudioVersion = 10.0.40219.1
Project("{FAE04EC0-301F-11D3-BF4B-00C04F79EFBC}") = "SslCertBinding.Net", "SslCertBinding.Net\SslCertBinding.Net.csproj", "{E1F46D9B-5B83-460A-A7B1-488CDCDB6633}"
EndProject
Project("{FAE04EC0-301F-11D3-BF4B-00C04F79EFBC}") = "SslCertBinding.Net.Sample", "SslCertBinding.Net.Sample\SslCertBinding.Net.Sample.csproj", "{5CA507D0-B18C-4758-BD53-6EDE46ABB509}"
EndProject
Project("{FAE04EC0-301F-11D3-BF4B-00C04F79EFBC}") = "SslCertBinding.Net.Tests", "SslCertBinding.Net.Tests\SslCertBinding.Net.Tests.csproj", "{270E074A-25C9-446E-B273-A91B054E8286}"
EndProject
Global
	GlobalSection(SolutionConfigurationPlatforms) = preSolution
		Debug|Any CPU = Debug|Any CPU
		Release|Any CPU = Release|Any CPU
	EndGlobalSection
	GlobalSection(ProjectConfigurationPlatforms) = postSolution
		{E1F46D9B-5B83-460A-A7B1-488CDCDB6633}.Debug|Any CPU.ActiveCfg = Debug|Any CPU
		{E1F46D9B-5B83-460A-A7B1-488CDCDB6633}.Debug|Any CPU.Build.0 = Debug|Any CPU
		{E1F46D9B-5B83-460A-A7B1-488CDCDB6633}.Release|Any CPU.ActiveCfg = Release|Any CPU
		{E1F46D9B-5B83-460A-A7B1-488CDCDB6633}.Release|Any CPU.Build.0 = Release|Any CPU
		{5CA507D0-B18C-4758-BD53-6EDE46ABB509}.Debug|Any CPU.ActiveCfg = Debug|Any CPU
		{5CA507D0-B18C-4758-BD53-6EDE46ABB509}.Debug|Any CPU.Build.0 = Debug|Any CPU
		{5CA507D0-B18C-4758-BD53-6EDE46ABB509}.Release|Any CPU.ActiveCfg = Release|Any CPU
		{5CA507D0-B18C-4758-BD53-6EDE46ABB509}.Release|Any CPU.Build.0 = Release|Any CPU
		{270E074A-25C9-446E-B273-A91B054E8286}.Debug|Any CPU.ActiveCfg = Debug|Any CPU
		{270E074A-25C9-446E-B273-A91B054E8286}.Debug|Any CPU.Build.0 = Debug|Any CPU
		{270E074A-25C9-446E-B273-A91B054E8286}.Release|Any CPU.ActiveCfg = Release|Any CPU
		{270E074A-25C9-446E-B273-A91B054E8286}.Release|Any CPU.Build.0 = Release|Any CPU
	EndGlobalSection
	GlobalSection(SolutionProperties) = preSolution
		HideSolutionNode = FALSE
	EndGlobalSection
EndGlobal
